
Microsoft Visual Studio Solution File, Format Version 12.00
Project("{2150E333-8FDC-42A3-9474-1A3956D46DE8}") = "src", "src", "{77293AE0-A732-438F-8983-B83B5CF6DB34}"
EndProject
Project("{FAE04EC0-301F-11D3-BF4B-00C04F79EFBC}") = "Domain", "Domain\Domain.csproj", "{3FF495FF-68CC-4796-AD2A-774FB416B0AF}"
EndProject
Project("{FAE04EC0-301F-11D3-BF4B-00C04F79EFBC}") = "Application", "Application\Application.csproj", "{87B9E96A-058A-4188-8F4A-EE49B1D954E1}"
EndProject
Project("{FAE04EC0-301F-11D3-BF4B-00C04F79EFBC}") = "Infrastructure", "Infrastructure\Infrastructure.csproj", "{DB4D957C-B014-40F3-8934-CC6CA252270A}"
EndProject
Project("{FAE04EC0-301F-11D3-BF4B-00C04F79EFBC}") = "WebApi", "WebApi\WebApi.csproj", "{9441C048-4BE3-4C5C-AEA0-0FDF05FB2586}"
EndProject
Project("{2150E333-8FDC-42A3-9474-1A3956D46DE8}") = "test", "test", "{0F6A8F71-6DBA-4172-B6C3-651EA69AD7E1}"
EndProject
Project("{FAE04EC0-301F-11D3-BF4B-00C04F79EFBC}") = "UnitTest", "UnitTest\UnitTest.csproj", "{324EA465-1722-42B4-8820-87D2E750181E}"
EndProject
Project("{FAE04EC0-301F-11D3-BF4B-00C04F79EFBC}") = "Utilities", "Utilities\Utilities.csproj", "{8BAD977A-4277-4856-AE39-C9AEC41913AB}"
EndProject
Global
	GlobalSection(SolutionConfigurationPlatforms) = preSolution
		Debug|Any CPU = Debug|Any CPU
		Release|Any CPU = Release|Any CPU
	EndGlobalSection
	GlobalSection(ProjectConfigurationPlatforms) = postSolution
		{3FF495FF-68CC-4796-AD2A-774FB416B0AF}.Debug|Any CPU.ActiveCfg = Debug|Any CPU
		{3FF495FF-68CC-4796-AD2A-774FB416B0AF}.Debug|Any CPU.Build.0 = Debug|Any CPU
		{3FF495FF-68CC-4796-AD2A-774FB416B0AF}.Release|Any CPU.ActiveCfg = Release|Any CPU
		{3FF495FF-68CC-4796-AD2A-774FB416B0AF}.Release|Any CPU.Build.0 = Release|Any CPU
		{87B9E96A-058A-4188-8F4A-EE49B1D954E1}.Debug|Any CPU.ActiveCfg = Debug|Any CPU
		{87B9E96A-058A-4188-8F4A-EE49B1D954E1}.Debug|Any CPU.Build.0 = Debug|Any CPU
		{87B9E96A-058A-4188-8F4A-EE49B1D954E1}.Release|Any CPU.ActiveCfg = Release|Any CPU
		{87B9E96A-058A-4188-8F4A-EE49B1D954E1}.Release|Any CPU.Build.0 = Release|Any CPU
		{DB4D957C-B014-40F3-8934-CC6CA252270A}.Debug|Any CPU.ActiveCfg = Debug|Any CPU
		{DB4D957C-B014-40F3-8934-CC6CA252270A}.Debug|Any CPU.Build.0 = Debug|Any CPU
		{DB4D957C-B014-40F3-8934-CC6CA252270A}.Release|Any CPU.ActiveCfg = Release|Any CPU
		{DB4D957C-B014-40F3-8934-CC6CA252270A}.Release|Any CPU.Build.0 = Release|Any CPU
		{9441C048-4BE3-4C5C-AEA0-0FDF05FB2586}.Debug|Any CPU.ActiveCfg = Debug|Any CPU
		{9441C048-4BE3-4C5C-AEA0-0FDF05FB2586}.Debug|Any CPU.Build.0 = Debug|Any CPU
		{9441C048-4BE3-4C5C-AEA0-0FDF05FB2586}.Release|Any CPU.ActiveCfg = Release|Any CPU
		{9441C048-4BE3-4C5C-AEA0-0FDF05FB2586}.Release|Any CPU.Build.0 = Release|Any CPU
		{324EA465-1722-42B4-8820-87D2E750181E}.Debug|Any CPU.ActiveCfg = Debug|Any CPU
		{324EA465-1722-42B4-8820-87D2E750181E}.Debug|Any CPU.Build.0 = Debug|Any CPU
		{324EA465-1722-42B4-8820-87D2E750181E}.Release|Any CPU.ActiveCfg = Release|Any CPU
		{324EA465-1722-42B4-8820-87D2E750181E}.Release|Any CPU.Build.0 = Release|Any CPU
		{8BAD977A-4277-4856-AE39-C9AEC41913AB}.Debug|Any CPU.ActiveCfg = Debug|Any CPU
		{8BAD977A-4277-4856-AE39-C9AEC41913AB}.Debug|Any CPU.Build.0 = Debug|Any CPU
		{8BAD977A-4277-4856-AE39-C9AEC41913AB}.Release|Any CPU.ActiveCfg = Release|Any CPU
		{8BAD977A-4277-4856-AE39-C9AEC41913AB}.Release|Any CPU.Build.0 = Release|Any CPU
	EndGlobalSection
	GlobalSection(NestedProjects) = preSolution
		{3FF495FF-68CC-4796-AD2A-774FB416B0AF} = {77293AE0-A732-438F-8983-B83B5CF6DB34}
		{87B9E96A-058A-4188-8F4A-EE49B1D954E1} = {77293AE0-A732-438F-8983-B83B5CF6DB34}
		{DB4D957C-B014-40F3-8934-CC6CA252270A} = {77293AE0-A732-438F-8983-B83B5CF6DB34}
		{9441C048-4BE3-4C5C-AEA0-0FDF05FB2586} = {77293AE0-A732-438F-8983-B83B5CF6DB34}
		{324EA465-1722-42B4-8820-87D2E750181E} = {0F6A8F71-6DBA-4172-B6C3-651EA69AD7E1}
	EndGlobalSection
EndGlobal
